// !$*UTF8*$!
{
	archiveVersion = 1;
	classes = {
	};
	objectVersion = 46;
	objects = {

/* Begin PBXBuildFile section */
		0D20361690E9FF8793310FAD /* Pods_Browsy.framework in Frameworks */ = {isa = PBXBuildFile; fileRef = A7C56C2C8F631373127A56CF /* Pods_Browsy.framework */; };
		19BCEE671E8FC82500871C0A /* ViewController.swift in Sources */ = {isa = PBXBuildFile; fileRef = 19BCEE661E8FC82500871C0A /* ViewController.swift */; };
		19E1A0771FF7E1180072376A /* BrowsyTests.swift in Sources */ = {isa = PBXBuildFile; fileRef = 19E1A0761FF7E1180072376A /* BrowsyTests.swift */; };
		19E940C01E8EEACC003F354A /* AppDelegate.swift in Sources */ = {isa = PBXBuildFile; fileRef = 19E940BF1E8EEACC003F354A /* AppDelegate.swift */; };
		19E940C41E8EEACC003F354A /* Assets.xcassets in Resources */ = {isa = PBXBuildFile; fileRef = 19E940C31E8EEACC003F354A /* Assets.xcassets */; };
		19E940C71E8EEACC003F354A /* Main.storyboard in Resources */ = {isa = PBXBuildFile; fileRef = 19E940C51E8EEACC003F354A /* Main.storyboard */; };
/* End PBXBuildFile section */

/* Begin PBXContainerItemProxy section */
		19E1A0791FF7E1180072376A /* PBXContainerItemProxy */ = {
			isa = PBXContainerItemProxy;
			containerPortal = 19E940B41E8EEACC003F354A /* Project object */;
			proxyType = 1;
			remoteGlobalIDString = 19E940BB1E8EEACC003F354A;
			remoteInfo = Browsy;
		};
/* End PBXContainerItemProxy section */

/* Begin PBXFileReference section */
		19BCEE661E8FC82500871C0A /* ViewController.swift */ = {isa = PBXFileReference; fileEncoding = 4; lastKnownFileType = sourcecode.swift; path = ViewController.swift; sourceTree = "<group>"; };
		19E1A0741FF7E1180072376A /* BrowsyTests.xctest */ = {isa = PBXFileReference; explicitFileType = wrapper.cfbundle; includeInIndex = 0; path = BrowsyTests.xctest; sourceTree = BUILT_PRODUCTS_DIR; };
		19E1A0761FF7E1180072376A /* BrowsyTests.swift */ = {isa = PBXFileReference; lastKnownFileType = sourcecode.swift; path = BrowsyTests.swift; sourceTree = "<group>"; };
		19E1A0781FF7E1180072376A /* Info.plist */ = {isa = PBXFileReference; lastKnownFileType = text.plist.xml; path = Info.plist; sourceTree = "<group>"; };
		19E940BC1E8EEACC003F354A /* Browsy.app */ = {isa = PBXFileReference; explicitFileType = wrapper.application; includeInIndex = 0; path = Browsy.app; sourceTree = BUILT_PRODUCTS_DIR; };
		19E940BF1E8EEACC003F354A /* AppDelegate.swift */ = {isa = PBXFileReference; lastKnownFileType = sourcecode.swift; path = AppDelegate.swift; sourceTree = "<group>"; };
		19E940C31E8EEACC003F354A /* Assets.xcassets */ = {isa = PBXFileReference; lastKnownFileType = folder.assetcatalog; path = Assets.xcassets; sourceTree = "<group>"; };
		19E940C61E8EEACC003F354A /* Base */ = {isa = PBXFileReference; lastKnownFileType = file.storyboard; name = Base; path = Base.lproj/Main.storyboard; sourceTree = "<group>"; };
		19E940C81E8EEACC003F354A /* Info.plist */ = {isa = PBXFileReference; lastKnownFileType = text.plist.xml; path = Info.plist; sourceTree = "<group>"; };
		2EDFD72456CE879E07CB3DAE /* Pods-Browsy.debug.xcconfig */ = {isa = PBXFileReference; includeInIndex = 1; lastKnownFileType = text.xcconfig; name = "Pods-Browsy.debug.xcconfig"; path = "Pods/Target Support Files/Pods-Browsy/Pods-Browsy.debug.xcconfig"; sourceTree = "<group>"; };
		A7C56C2C8F631373127A56CF /* Pods_Browsy.framework */ = {isa = PBXFileReference; explicitFileType = wrapper.framework; includeInIndex = 0; path = Pods_Browsy.framework; sourceTree = BUILT_PRODUCTS_DIR; };
		CD213CA5B394548A3119EB90 /* Pods-Browsy.release.xcconfig */ = {isa = PBXFileReference; includeInIndex = 1; lastKnownFileType = text.xcconfig; name = "Pods-Browsy.release.xcconfig"; path = "Pods/Target Support Files/Pods-Browsy/Pods-Browsy.release.xcconfig"; sourceTree = "<group>"; };
/* End PBXFileReference section */

/* Begin PBXFrameworksBuildPhase section */
		19E1A0711FF7E1180072376A /* Frameworks */ = {
			isa = PBXFrameworksBuildPhase;
			buildActionMask = 2147483647;
			files = (
			);
			runOnlyForDeploymentPostprocessing = 0;
		};
		19E940B91E8EEACC003F354A /* Frameworks */ = {
			isa = PBXFrameworksBuildPhase;
			buildActionMask = 2147483647;
			files = (
				0D20361690E9FF8793310FAD /* Pods_Browsy.framework in Frameworks */,
			);
			runOnlyForDeploymentPostprocessing = 0;
		};
/* End PBXFrameworksBuildPhase section */

/* Begin PBXGroup section */
		19E1A0751FF7E1180072376A /* BrowsyTests */ = {
			isa = PBXGroup;
			children = (
				19E1A0761FF7E1180072376A /* BrowsyTests.swift */,
				19E1A0781FF7E1180072376A /* Info.plist */,
			);
			path = BrowsyTests;
			sourceTree = "<group>";
		};
		19E940B31E8EEACC003F354A = {
			isa = PBXGroup;
			children = (
				19E940BE1E8EEACC003F354A /* Browsy */,
				19E1A0751FF7E1180072376A /* BrowsyTests */,
				19E940BD1E8EEACC003F354A /* Products */,
				76BB2C34351159FD1EED086A /* Pods */,
				2179179E2E162607423F44CA /* Frameworks */,
			);
			sourceTree = "<group>";
		};
		19E940BD1E8EEACC003F354A /* Products */ = {
			isa = PBXGroup;
			children = (
				19E940BC1E8EEACC003F354A /* Browsy.app */,
				19E1A0741FF7E1180072376A /* BrowsyTests.xctest */,
			);
			name = Products;
			sourceTree = "<group>";
		};
		19E940BE1E8EEACC003F354A /* Browsy */ = {
			isa = PBXGroup;
			children = (
				19BCEE661E8FC82500871C0A /* ViewController.swift */,
				19E940BF1E8EEACC003F354A /* AppDelegate.swift */,
				19E940C31E8EEACC003F354A /* Assets.xcassets */,
				19E940C51E8EEACC003F354A /* Main.storyboard */,
				19E940C81E8EEACC003F354A /* Info.plist */,
			);
			path = Browsy;
			sourceTree = "<group>";
		};
		2179179E2E162607423F44CA /* Frameworks */ = {
			isa = PBXGroup;
			children = (
				A7C56C2C8F631373127A56CF /* Pods_Browsy.framework */,
			);
			name = Frameworks;
			sourceTree = "<group>";
		};
		76BB2C34351159FD1EED086A /* Pods */ = {
			isa = PBXGroup;
			children = (
				2EDFD72456CE879E07CB3DAE /* Pods-Browsy.debug.xcconfig */,
				CD213CA5B394548A3119EB90 /* Pods-Browsy.release.xcconfig */,
			);
			name = Pods;
			sourceTree = "<group>";
		};
/* End PBXGroup section */

/* Begin PBXNativeTarget section */
		19E1A0731FF7E1180072376A /* BrowsyTests */ = {
			isa = PBXNativeTarget;
			buildConfigurationList = 19E1A07D1FF7E1180072376A /* Build configuration list for PBXNativeTarget "BrowsyTests" */;
			buildPhases = (
				19E1A0701FF7E1180072376A /* Sources */,
				19E1A0711FF7E1180072376A /* Frameworks */,
				19E1A0721FF7E1180072376A /* Resources */,
			);
			buildRules = (
			);
			dependencies = (
				19E1A07A1FF7E1180072376A /* PBXTargetDependency */,
			);
			name = BrowsyTests;
			productName = BrowsyTests;
			productReference = 19E1A0741FF7E1180072376A /* BrowsyTests.xctest */;
			productType = "com.apple.product-type.bundle.unit-test";
		};
		19E940BB1E8EEACC003F354A /* Browsy */ = {
			isa = PBXNativeTarget;
			buildConfigurationList = 19E940CB1E8EEACC003F354A /* Build configuration list for PBXNativeTarget "Browsy" */;
			buildPhases = (
				3B7337397089CAA70CF64C8F /* [CP] Check Pods Manifest.lock */,
				19E940B81E8EEACC003F354A /* Sources */,
				19E940B91E8EEACC003F354A /* Frameworks */,
				19E940BA1E8EEACC003F354A /* Resources */,
				97BA315AF058BF79754156F1 /* [CP] Embed Pods Frameworks */,
				CF2264867234F0F8FC1DFDCC /* [CP] Copy Pods Resources */,
			);
			buildRules = (
			);
			dependencies = (
			);
			name = Browsy;
			productName = Browsy;
			productReference = 19E940BC1E8EEACC003F354A /* Browsy.app */;
			productType = "com.apple.product-type.application";
		};
/* End PBXNativeTarget section */

/* Begin PBXProject section */
		19E940B41E8EEACC003F354A /* Project object */ = {
			isa = PBXProject;
			attributes = {
				LastSwiftUpdateCheck = 0920;
				LastUpgradeCheck = 0920;
				ORGANIZATIONNAME = kJulio;
				TargetAttributes = {
					19E1A0731FF7E1180072376A = {
						CreatedOnToolsVersion = 9.2;
						ProvisioningStyle = Automatic;
						TestTargetID = 19E940BB1E8EEACC003F354A;
					};
					19E940BB1E8EEACC003F354A = {
						CreatedOnToolsVersion = 8.3;
						DevelopmentTeam = C4T5VAUNJX;
						LastSwiftMigration = 0910;
						ProvisioningStyle = Automatic;
					};
				};
			};
			buildConfigurationList = 19E940B71E8EEACC003F354A /* Build configuration list for PBXProject "Browsy" */;
			compatibilityVersion = "Xcode 3.2";
			developmentRegion = English;
			hasScannedForEncodings = 0;
			knownRegions = (
				en,
				Base,
			);
			mainGroup = 19E940B31E8EEACC003F354A;
			productRefGroup = 19E940BD1E8EEACC003F354A /* Products */;
			projectDirPath = "";
			projectRoot = "";
			targets = (
				19E940BB1E8EEACC003F354A /* Browsy */,
				19E1A0731FF7E1180072376A /* BrowsyTests */,
			);
		};
/* End PBXProject section */

/* Begin PBXResourcesBuildPhase section */
		19E1A0721FF7E1180072376A /* Resources */ = {
			isa = PBXResourcesBuildPhase;
			buildActionMask = 2147483647;
			files = (
			);
			runOnlyForDeploymentPostprocessing = 0;
		};
		19E940BA1E8EEACC003F354A /* Resources */ = {
			isa = PBXResourcesBuildPhase;
			buildActionMask = 2147483647;
			files = (
				19E940C41E8EEACC003F354A /* Assets.xcassets in Resources */,
				19E940C71E8EEACC003F354A /* Main.storyboard in Resources */,
			);
			runOnlyForDeploymentPostprocessing = 0;
		};
/* End PBXResourcesBuildPhase section */

/* Begin PBXShellScriptBuildPhase section */
		3B7337397089CAA70CF64C8F /* [CP] Check Pods Manifest.lock */ = {
			isa = PBXShellScriptBuildPhase;
			buildActionMask = 2147483647;
			files = (
			);
			inputPaths = (
				"${PODS_PODFILE_DIR_PATH}/Podfile.lock",
				"${PODS_ROOT}/Manifest.lock",
			);
			name = "[CP] Check Pods Manifest.lock";
			outputPaths = (
				"$(DERIVED_FILE_DIR)/Pods-Browsy-checkManifestLockResult.txt",
			);
			runOnlyForDeploymentPostprocessing = 0;
			shellPath = /bin/sh;
			shellScript = "diff \"${PODS_PODFILE_DIR_PATH}/Podfile.lock\" \"${PODS_ROOT}/Manifest.lock\" > /dev/null\nif [ $? != 0 ] ; then\n    # print error to STDERR\n    echo \"error: The sandbox is not in sync with the Podfile.lock. Run 'pod install' or update your CocoaPods installation.\" >&2\n    exit 1\nfi\n# This output is used by Xcode 'outputs' to avoid re-running this script phase.\necho \"SUCCESS\" > \"${SCRIPT_OUTPUT_FILE_0}\"\n";
			showEnvVarsInLog = 0;
		};
		97BA315AF058BF79754156F1 /* [CP] Embed Pods Frameworks */ = {
			isa = PBXShellScriptBuildPhase;
			buildActionMask = 2147483647;
			files = (
			);
			inputPaths = (
				"${SRCROOT}/Pods/Target Support Files/Pods-Browsy/Pods-Browsy-frameworks.sh",
				"${PODS_ROOT}/Sparkle/Sparkle.framework",
				"${PODS_ROOT}/Sparkle/Sparkle.framework.dSYM",
			);
			name = "[CP] Embed Pods Frameworks";
			outputPaths = (
				"${TARGET_BUILD_DIR}/${FRAMEWORKS_FOLDER_PATH}/Sparkle.framework",
				"${DWARF_DSYM_FOLDER_PATH}/Sparkle.framework.dSYM",
			);
			runOnlyForDeploymentPostprocessing = 0;
			shellPath = /bin/sh;
			shellScript = "\"${SRCROOT}/Pods/Target Support Files/Pods-Browsy/Pods-Browsy-frameworks.sh\"\n";
			showEnvVarsInLog = 0;
		};
		CF2264867234F0F8FC1DFDCC /* [CP] Copy Pods Resources */ = {
			isa = PBXShellScriptBuildPhase;
			buildActionMask = 2147483647;
			files = (
			);
			inputPaths = (
			);
			name = "[CP] Copy Pods Resources";
			outputPaths = (
			);
			runOnlyForDeploymentPostprocessing = 0;
			shellPath = /bin/sh;
			shellScript = "\"${SRCROOT}/Pods/Target Support Files/Pods-Browsy/Pods-Browsy-resources.sh\"\n";
			showEnvVarsInLog = 0;
		};
/* End PBXShellScriptBuildPhase section */

/* Begin PBXSourcesBuildPhase section */
		19E1A0701FF7E1180072376A /* Sources */ = {
			isa = PBXSourcesBuildPhase;
			buildActionMask = 2147483647;
			files = (
				19E1A0771FF7E1180072376A /* BrowsyTests.swift in Sources */,
			);
			runOnlyForDeploymentPostprocessing = 0;
		};
		19E940B81E8EEACC003F354A /* Sources */ = {
			isa = PBXSourcesBuildPhase;
			buildActionMask = 2147483647;
			files = (
				19BCEE671E8FC82500871C0A /* ViewController.swift in Sources */,
				19E940C01E8EEACC003F354A /* AppDelegate.swift in Sources */,
			);
			runOnlyForDeploymentPostprocessing = 0;
		};
/* End PBXSourcesBuildPhase section */

/* Begin PBXTargetDependency section */
		19E1A07A1FF7E1180072376A /* PBXTargetDependency */ = {
			isa = PBXTargetDependency;
			target = 19E940BB1E8EEACC003F354A /* Browsy */;
			targetProxy = 19E1A0791FF7E1180072376A /* PBXContainerItemProxy */;
		};
/* End PBXTargetDependency section */

/* Begin PBXVariantGroup section */
		19E940C51E8EEACC003F354A /* Main.storyboard */ = {
			isa = PBXVariantGroup;
			children = (
				19E940C61E8EEACC003F354A /* Base */,
			);
			name = Main.storyboard;
			sourceTree = "<group>";
		};
/* End PBXVariantGroup section */

/* Begin XCBuildConfiguration section */
		19E1A07B1FF7E1180072376A /* Debug */ = {
			isa = XCBuildConfiguration;
			buildSettings = {
				BUNDLE_LOADER = "$(TEST_HOST)";
				CLANG_CXX_LANGUAGE_STANDARD = "gnu++14";
				CLANG_WARN_UNGUARDED_AVAILABILITY = YES_AGGRESSIVE;
				CODE_SIGN_STYLE = Automatic;
				COMBINE_HIDPI_IMAGES = YES;
				GCC_C_LANGUAGE_STANDARD = gnu11;
				INFOPLIST_FILE = BrowsyTests/Info.plist;
				LD_RUNPATH_SEARCH_PATHS = "$(inherited) @executable_path/../Frameworks @loader_path/../Frameworks";
				MACOSX_DEPLOYMENT_TARGET = 10.13;
				PRODUCT_BUNDLE_IDENTIFIER = net.kjulio.BrowsyTests;
				PRODUCT_NAME = "$(TARGET_NAME)";
				SWIFT_VERSION = 4.0;
				TEST_HOST = "$(BUILT_PRODUCTS_DIR)/Browsy.app/Contents/MacOS/Browsy";
			};
			name = Debug;
		};
		19E1A07C1FF7E1180072376A /* Release */ = {
			isa = XCBuildConfiguration;
			buildSettings = {
				BUNDLE_LOADER = "$(TEST_HOST)";
				CLANG_CXX_LANGUAGE_STANDARD = "gnu++14";
				CLANG_WARN_UNGUARDED_AVAILABILITY = YES_AGGRESSIVE;
				CODE_SIGN_STYLE = Automatic;
				COMBINE_HIDPI_IMAGES = YES;
				GCC_C_LANGUAGE_STANDARD = gnu11;
				INFOPLIST_FILE = BrowsyTests/Info.plist;
				LD_RUNPATH_SEARCH_PATHS = "$(inherited) @executable_path/../Frameworks @loader_path/../Frameworks";
				MACOSX_DEPLOYMENT_TARGET = 10.13;
				PRODUCT_BUNDLE_IDENTIFIER = net.kjulio.BrowsyTests;
				PRODUCT_NAME = "$(TARGET_NAME)";
				SWIFT_VERSION = 4.0;
				TEST_HOST = "$(BUILT_PRODUCTS_DIR)/Browsy.app/Contents/MacOS/Browsy";
			};
			name = Release;
		};
		19E940C91E8EEACC003F354A /* Debug */ = {
			isa = XCBuildConfiguration;
			buildSettings = {
				ALWAYS_SEARCH_USER_PATHS = NO;
				CLANG_ANALYZER_NONNULL = YES;
				CLANG_ANALYZER_NUMBER_OBJECT_CONVERSION = YES_AGGRESSIVE;
				CLANG_CXX_LANGUAGE_STANDARD = "gnu++0x";
				CLANG_CXX_LIBRARY = "libc++";
				CLANG_ENABLE_MODULES = YES;
				CLANG_ENABLE_OBJC_ARC = YES;
				CLANG_WARN_BLOCK_CAPTURE_AUTORELEASING = YES;
				CLANG_WARN_BOOL_CONVERSION = YES;
				CLANG_WARN_COMMA = YES;
				CLANG_WARN_CONSTANT_CONVERSION = YES;
				CLANG_WARN_DIRECT_OBJC_ISA_USAGE = YES_ERROR;
				CLANG_WARN_DOCUMENTATION_COMMENTS = YES;
				CLANG_WARN_EMPTY_BODY = YES;
				CLANG_WARN_ENUM_CONVERSION = YES;
				CLANG_WARN_INFINITE_RECURSION = YES;
				CLANG_WARN_INT_CONVERSION = YES;
				CLANG_WARN_NON_LITERAL_NULL_CONVERSION = YES;
				CLANG_WARN_OBJC_LITERAL_CONVERSION = YES;
				CLANG_WARN_OBJC_ROOT_CLASS = YES_ERROR;
				CLANG_WARN_RANGE_LOOP_ANALYSIS = YES;
				CLANG_WARN_STRICT_PROTOTYPES = YES;
				CLANG_WARN_SUSPICIOUS_MOVE = YES;
				CLANG_WARN_UNREACHABLE_CODE = YES;
				CLANG_WARN__DUPLICATE_METHOD_MATCH = YES;
				CODE_SIGN_IDENTITY = "";
				COPY_PHASE_STRIP = NO;
				DEBUG_INFORMATION_FORMAT = dwarf;
				ENABLE_STRICT_OBJC_MSGSEND = YES;
				ENABLE_TESTABILITY = YES;
				GCC_C_LANGUAGE_STANDARD = gnu99;
				GCC_DYNAMIC_NO_PIC = NO;
				GCC_NO_COMMON_BLOCKS = YES;
				GCC_OPTIMIZATION_LEVEL = 0;
				GCC_PREPROCESSOR_DEFINITIONS = (
					"DEBUG=1",
					"$(inherited)",
				);
				GCC_WARN_64_TO_32_BIT_CONVERSION = YES;
				GCC_WARN_ABOUT_RETURN_TYPE = YES_ERROR;
				GCC_WARN_UNDECLARED_SELECTOR = YES;
				GCC_WARN_UNINITIALIZED_AUTOS = YES_AGGRESSIVE;
				GCC_WARN_UNUSED_FUNCTION = YES;
				GCC_WARN_UNUSED_VARIABLE = YES;
				MACOSX_DEPLOYMENT_TARGET = 10.12;
				MTL_ENABLE_DEBUG_INFO = YES;
				ONLY_ACTIVE_ARCH = YES;
				SDKROOT = macosx;
				SWIFT_ACTIVE_COMPILATION_CONDITIONS = DEBUG;
				SWIFT_OPTIMIZATION_LEVEL = "-Onone";
			};
			name = Debug;
		};
		19E940CA1E8EEACC003F354A /* Release */ = {
			isa = XCBuildConfiguration;
			buildSettings = {
				ALWAYS_SEARCH_USER_PATHS = NO;
				CLANG_ANALYZER_NONNULL = YES;
				CLANG_ANALYZER_NUMBER_OBJECT_CONVERSION = YES_AGGRESSIVE;
				CLANG_CXX_LANGUAGE_STANDARD = "gnu++0x";
				CLANG_CXX_LIBRARY = "libc++";
				CLANG_ENABLE_MODULES = YES;
				CLANG_ENABLE_OBJC_ARC = YES;
				CLANG_WARN_BLOCK_CAPTURE_AUTORELEASING = YES;
				CLANG_WARN_BOOL_CONVERSION = YES;
				CLANG_WARN_COMMA = YES;
				CLANG_WARN_CONSTANT_CONVERSION = YES;
				CLANG_WARN_DIRECT_OBJC_ISA_USAGE = YES_ERROR;
				CLANG_WARN_DOCUMENTATION_COMMENTS = YES;
				CLANG_WARN_EMPTY_BODY = YES;
				CLANG_WARN_ENUM_CONVERSION = YES;
				CLANG_WARN_INFINITE_RECURSION = YES;
				CLANG_WARN_INT_CONVERSION = YES;
				CLANG_WARN_NON_LITERAL_NULL_CONVERSION = YES;
				CLANG_WARN_OBJC_LITERAL_CONVERSION = YES;
				CLANG_WARN_OBJC_ROOT_CLASS = YES_ERROR;
				CLANG_WARN_RANGE_LOOP_ANALYSIS = YES;
				CLANG_WARN_STRICT_PROTOTYPES = YES;
				CLANG_WARN_SUSPICIOUS_MOVE = YES;
				CLANG_WARN_UNREACHABLE_CODE = YES;
				CLANG_WARN__DUPLICATE_METHOD_MATCH = YES;
				CODE_SIGN_IDENTITY = "";
				COPY_PHASE_STRIP = NO;
				DEBUG_INFORMATION_FORMAT = "dwarf-with-dsym";
				ENABLE_NS_ASSERTIONS = NO;
				ENABLE_STRICT_OBJC_MSGSEND = YES;
				GCC_C_LANGUAGE_STANDARD = gnu99;
				GCC_NO_COMMON_BLOCKS = YES;
				GCC_WARN_64_TO_32_BIT_CONVERSION = YES;
				GCC_WARN_ABOUT_RETURN_TYPE = YES_ERROR;
				GCC_WARN_UNDECLARED_SELECTOR = YES;
				GCC_WARN_UNINITIALIZED_AUTOS = YES_AGGRESSIVE;
				GCC_WARN_UNUSED_FUNCTION = YES;
				GCC_WARN_UNUSED_VARIABLE = YES;
				MACOSX_DEPLOYMENT_TARGET = 10.12;
				MTL_ENABLE_DEBUG_INFO = NO;
				SDKROOT = macosx;
				SWIFT_OPTIMIZATION_LEVEL = "-Owholemodule";
			};
			name = Release;
		};
		19E940CC1E8EEACC003F354A /* Debug */ = {
			isa = XCBuildConfiguration;
			baseConfigurationReference = 2EDFD72456CE879E07CB3DAE /* Pods-Browsy.debug.xcconfig */;
			buildSettings = {
				ASSETCATALOG_COMPILER_APPICON_NAME = AppIcon;
				COMBINE_HIDPI_IMAGES = YES;
				DEVELOPMENT_TEAM = C4T5VAUNJX;
				INFOPLIST_FILE = Browsy/Info.plist;
				LD_RUNPATH_SEARCH_PATHS = "$(inherited) @executable_path/../Frameworks";
				PRODUCT_BUNDLE_IDENTIFIER = net.kjulio.Browsy;
				PRODUCT_NAME = "$(TARGET_NAME)";
				SWIFT_SWIFT3_OBJC_INFERENCE = Default;
				SWIFT_VERSION = 4.0;
			};
			name = Debug;
		};
		19E940CD1E8EEACC003F354A /* Release */ = {
			isa = XCBuildConfiguration;
			baseConfigurationReference = CD213CA5B394548A3119EB90 /* Pods-Browsy.release.xcconfig */;
			buildSettings = {
				ASSETCATALOG_COMPILER_APPICON_NAME = AppIcon;
				COMBINE_HIDPI_IMAGES = YES;
				DEVELOPMENT_TEAM = C4T5VAUNJX;
				INFOPLIST_FILE = Browsy/Info.plist;
				LD_RUNPATH_SEARCH_PATHS = "$(inherited) @executable_path/../Frameworks";
				PRODUCT_BUNDLE_IDENTIFIER = net.kjulio.Browsy;
				PRODUCT_NAME = "$(TARGET_NAME)";
				SWIFT_SWIFT3_OBJC_INFERENCE = Default;
				SWIFT_VERSION = 4.0;
			};
			name = Release;
		};
/* End XCBuildConfiguration section */

/* Begin XCConfigurationList section */
		19E1A07D1FF7E1180072376A /* Build configuration list for PBXNativeTarget "BrowsyTests" */ = {
			isa = XCConfigurationList;
			buildConfigurations = (
				19E1A07B1FF7E1180072376A /* Debug */,
				19E1A07C1FF7E1180072376A /* Release */,
			);
			defaultConfigurationIsVisible = 0;
			defaultConfigurationName = Release;
		};
		19E940B71E8EEACC003F354A /* Build configuration list for PBXProject "Browsy" */ = {
			isa = XCConfigurationList;
			buildConfigurations = (
				19E940C91E8EEACC003F354A /* Debug */,
				19E940CA1E8EEACC003F354A /* Release */,
			);
			defaultConfigurationIsVisible = 0;
			defaultConfigurationName = Release;
		};
		19E940CB1E8EEACC003F354A /* Build configuration list for PBXNativeTarget "Browsy" */ = {
			isa = XCConfigurationList;
			buildConfigurations = (
				19E940CC1E8EEACC003F354A /* Debug */,
				19E940CD1E8EEACC003F354A /* Release */,
			);
			defaultConfigurationIsVisible = 0;
			defaultConfigurationName = Release;
		};
/* End XCConfigurationList section */
	};
	rootObject = 19E940B41E8EEACC003F354A /* Project object */;
}
